
Microsoft Visual Studio Solution File, Format Version 12.00
# Visual Studio Version 16
VisualStudioVersion = 16.0.30611.23
MinimumVisualStudioVersion = 10.0.40219.1
Project("{FAE04EC0-301F-11D3-BF4B-00C04F79EFBC}") = "M15_ProjecteConsumidor", "M15_ProjecteConsumidor\M15_ProjecteConsumidor.csproj", "{E52B8E4C-4190-4751-B4F1-6E2C88659AC4}"
EndProject
Global
	GlobalSection(SolutionConfigurationPlatforms) = preSolution
		Debug|Any CPU = Debug|Any CPU
		Release|Any CPU = Release|Any CPU
	EndGlobalSection
	GlobalSection(ProjectConfigurationPlatforms) = postSolution
		{E52B8E4C-4190-4751-B4F1-6E2C88659AC4}.Debug|Any CPU.ActiveCfg = Debug|Any CPU
		{E52B8E4C-4190-4751-B4F1-6E2C88659AC4}.Debug|Any CPU.Build.0 = Debug|Any CPU
		{E52B8E4C-4190-4751-B4F1-6E2C88659AC4}.Release|Any CPU.ActiveCfg = Release|Any CPU
		{E52B8E4C-4190-4751-B4F1-6E2C88659AC4}.Release|Any CPU.Build.0 = Release|Any CPU
	EndGlobalSection
	GlobalSection(SolutionProperties) = preSolution
		HideSolutionNode = FALSE
	EndGlobalSection
	GlobalSection(ExtensibilityGlobals) = postSolution
		SolutionGuid = {7E2DF7A4-7220-4978-BD07-058CDBC23158}
	EndGlobalSection
EndGlobal
